
Microsoft Visual Studio Solution File, Format Version 12.00
# Visual Studio 15
VisualStudioVersion = 15.0.28010.2050
MinimumVisualStudioVersion = 10.0.40219.1
Project("{FAE04EC0-301F-11D3-BF4B-00C04F79EFBC}") = "NotepadNET", "NotepadNET\NotepadNET.csproj", "{6549D229-0A42-4C02-975D-17198F2CE8EB}"
EndProject
Global
	GlobalSection(SolutionConfigurationPlatforms) = preSolution
		Debug|Any CPU = Debug|Any CPU
		Release|Any CPU = Release|Any CPU
	EndGlobalSection
	GlobalSection(ProjectConfigurationPlatforms) = postSolution
		{6549D229-0A42-4C02-975D-17198F2CE8EB}.Debug|Any CPU.ActiveCfg = Debug|Any CPU
		{6549D229-0A42-4C02-975D-17198F2CE8EB}.Debug|Any CPU.Build.0 = Debug|Any CPU
		{6549D229-0A42-4C02-975D-17198F2CE8EB}.Release|Any CPU.ActiveCfg = Release|Any CPU
		{6549D229-0A42-4C02-975D-17198F2CE8EB}.Release|Any CPU.Build.0 = Release|Any CPU
	EndGlobalSection
	GlobalSection(SolutionProperties) = preSolution
		HideSolutionNode = FALSE
	EndGlobalSection
	GlobalSection(ExtensibilityGlobals) = postSolution
		SolutionGuid = {31B9E487-067B-4E82-BE9D-357EECCE9CA3}
	EndGlobalSection
EndGlobal
